
Microsoft Visual Studio Solution File, Format Version 12.00
# Visual Studio Version 16
VisualStudioVersion = 16.0.30204.135
MinimumVisualStudioVersion = 10.0.40219.1
Project("{9A19103F-16F7-4668-BE54-9A1E7A4F7556}") = "Models", "Models\Models.csproj", "{993B20A5-F819-43CF-8B68-2443F22C9689}"
EndProject
Project("{9A19103F-16F7-4668-BE54-9A1E7A4F7556}") = "Services", "Services\Services.csproj", "{54105760-6BA4-4469-90FB-90C8473CB962}"
EndProject
Project("{9A19103F-16F7-4668-BE54-9A1E7A4F7556}") = "Views", "Views\Views.csproj", "{65F9E6EE-599C-4E86-81A5-876FFFAB86F1}"
EndProject
Global
	GlobalSection(SolutionConfigurationPlatforms) = preSolution
		Debug|Any CPU = Debug|Any CPU
		Release|Any CPU = Release|Any CPU
	EndGlobalSection
	GlobalSection(ProjectConfigurationPlatforms) = postSolution
		{993B20A5-F819-43CF-8B68-2443F22C9689}.Debug|Any CPU.ActiveCfg = Debug|Any CPU
		{993B20A5-F819-43CF-8B68-2443F22C9689}.Debug|Any CPU.Build.0 = Debug|Any CPU
		{993B20A5-F819-43CF-8B68-2443F22C9689}.Release|Any CPU.ActiveCfg = Release|Any CPU
		{993B20A5-F819-43CF-8B68-2443F22C9689}.Release|Any CPU.Build.0 = Release|Any CPU
		{54105760-6BA4-4469-90FB-90C8473CB962}.Debug|Any CPU.ActiveCfg = Debug|Any CPU
		{54105760-6BA4-4469-90FB-90C8473CB962}.Debug|Any CPU.Build.0 = Debug|Any CPU
		{54105760-6BA4-4469-90FB-90C8473CB962}.Release|Any CPU.ActiveCfg = Release|Any CPU
		{54105760-6BA4-4469-90FB-90C8473CB962}.Release|Any CPU.Build.0 = Release|Any CPU
		{65F9E6EE-599C-4E86-81A5-876FFFAB86F1}.Debug|Any CPU.ActiveCfg = Debug|Any CPU
		{65F9E6EE-599C-4E86-81A5-876FFFAB86F1}.Debug|Any CPU.Build.0 = Debug|Any CPU
		{65F9E6EE-599C-4E86-81A5-876FFFAB86F1}.Release|Any CPU.ActiveCfg = Release|Any CPU
		{65F9E6EE-599C-4E86-81A5-876FFFAB86F1}.Release|Any CPU.Build.0 = Release|Any CPU
	EndGlobalSection
	GlobalSection(SolutionProperties) = preSolution
		HideSolutionNode = FALSE
	EndGlobalSection
	GlobalSection(ExtensibilityGlobals) = postSolution
		SolutionGuid = {D63E338B-AF88-439F-A3CD-206DEB781CEB}
	EndGlobalSection
EndGlobal
